
Microsoft Visual Studio Solution File, Format Version 12.00
# Visual Studio Version 17
VisualStudioVersion = 17.9.34728.123
MinimumVisualStudioVersion = 10.0.40219.1
Project("{2150E333-8FDC-42A3-9474-1A3956D46DE8}") = "Clients", "Clients", "{73B918C0-A90F-447C-BB11-563E3BB8811B}"
EndProject
Project("{2150E333-8FDC-42A3-9474-1A3956D46DE8}") = "Components", "Components", "{D2ECD19F-ED0B-404F-85BE-843DCC81FFA0}"
EndProject
Project("{2150E333-8FDC-42A3-9474-1A3956D46DE8}") = "Infrastructure", "Infrastructure", "{49F682CB-F3DC-42D3-A79C-79270D241F1E}"
EndProject
Project("{9A19103F-16F7-4668-BE54-9A1E7A4F7556}") = "Ifx", "Ifx\Ifx.csproj", "{02F9BA7B-0B06-4D1C-8F85-AF19F2FEE716}"
EndProject
Project("{2150E333-8FDC-42A3-9474-1A3956D46DE8}") = "Managers", "Managers", "{16DF7527-E1A5-4B34-B969-EB3D6C447059}"
EndProject
Project("{2150E333-8FDC-42A3-9474-1A3956D46DE8}") = "Content", "Content", "{87B3F837-8F38-4A2C-A7E1-3825A2403920}"
EndProject
Project("{2150E333-8FDC-42A3-9474-1A3956D46DE8}") = "Accessors", "Accessors", "{87CC6A17-CBC4-499A-81E0-71EF05649716}"
EndProject
Project("{2150E333-8FDC-42A3-9474-1A3956D46DE8}") = "Numbers", "Numbers", "{C22FAE24-12ED-4CEF-9002-F1F23B531F95}"
EndProject
Project("{2150E333-8FDC-42A3-9474-1A3956D46DE8}") = "Engines", "Engines", "{BD75F57C-71C9-4966-9E4A-0115F4C1F31E}"
EndProject
Project("{2150E333-8FDC-42A3-9474-1A3956D46DE8}") = "Calculator", "Calculator", "{15190957-9A53-44D1-A9AB-7799B40627E3}"
EndProject
Project("{9A19103F-16F7-4668-BE54-9A1E7A4F7556}") = "Resource.Data.NumbersDb", "Resource.Data.NumbersDb\Resource.Data.NumbersDb.csproj", "{963FB15D-45DE-45F1-BA2F-5D44DC62512A}"
EndProject
Project("{9A19103F-16F7-4668-BE54-9A1E7A4F7556}") = "Engine.Calculator.Interface", "Engine.Calculator.Interface\Engine.Calculator.Interface.csproj", "{8F20471F-FF24-4948-89B8-11EC8599A5B3}"
EndProject
Project("{9A19103F-16F7-4668-BE54-9A1E7A4F7556}") = "Engine.Calculator.Service", "Engine.Calculator.Service\Engine.Calculator.Service.csproj", "{944EF2C4-CC40-4825-93EE-D452EE7BE274}"
EndProject
Project("{9A19103F-16F7-4668-BE54-9A1E7A4F7556}") = "Manager.Content.Service", "Manager.Content.Service\Manager.Content.Service.csproj", "{44CD8FBD-517B-4DBB-BFD7-713F2ABF1E35}"
EndProject
Project("{9A19103F-16F7-4668-BE54-9A1E7A4F7556}") = "Microservice.Content", "Microservice.Content\Microservice.Content.csproj", "{D6642D3E-2C76-4326-ABE1-CA01903C97CF}"
EndProject
Project("{2150E333-8FDC-42A3-9474-1A3956D46DE8}") = "Microservice", "Microservice", "{AC067EE2-24DF-4416-84E4-662E4C5E85AA}"
EndProject
Project("{9A19103F-16F7-4668-BE54-9A1E7A4F7556}") = "Access.Numbers.Interface", "Access.Numbers.Interface\Access.Numbers.Interface.csproj", "{1D9A7E95-5EFA-4191-8B1D-F5041DC6B550}"
EndProject
Project("{9A19103F-16F7-4668-BE54-9A1E7A4F7556}") = "Access.Numbers.Service", "Access.Numbers.Service\Access.Numbers.Service.csproj", "{B3C9B9AD-1B38-4CBA-A9DD-52F10C3F4958}"
EndProject
Project("{9A19103F-16F7-4668-BE54-9A1E7A4F7556}") = "Manager.Content.Interface", "Manager.Content.Interface\Manager.Content.Interface.csproj", "{490AADFB-BBB1-4C16-A750-4EAFEC979ACC}"
EndProject
Project("{2150E333-8FDC-42A3-9474-1A3956D46DE8}") = "Resources", "Resources", "{0980D3FF-81B3-48DF-934D-9A815D49197B}"
EndProject
Project("{E53339B2-1760-4266-BCC7-CA923CBCF16C}") = "docker-compose", "docker-compose.dcproj", "{4F9D717A-CA21-4D7D-8B4A-B20C7DF6C0BA}"
EndProject
Project("{2150E333-8FDC-42A3-9474-1A3956D46DE8}") = "src", "src", "{4CA3F4A0-530F-4CAD-8563-92AA0FBA7278}"
EndProject
Project("{2150E333-8FDC-42A3-9474-1A3956D46DE8}") = "dapr", "dapr", "{00E597C2-2BC9-48D5-A75E-833AC079946E}"
	ProjectSection(SolutionItems) = preProject
		subscription.yaml = subscription.yaml
	EndProjectSection
EndProject
Project("{9A19103F-16F7-4668-BE54-9A1E7A4F7556}") = "Client.WebApp", "Client.WebApp\Client.WebApp.csproj", "{1AA5E96D-9844-4F5B-85E2-9149C80ABCD1}"
EndProject
Project("{9A19103F-16F7-4668-BE54-9A1E7A4F7556}") = "Client.ConsoleApp", "Client.ConsoleApp\Client.ConsoleApp.csproj", "{FFACBA27-6C65-46F5-830C-5E5A7E3800F4}"
EndProject
Global
	GlobalSection(SolutionConfigurationPlatforms) = preSolution
		Debug|Any CPU = Debug|Any CPU
		Release|Any CPU = Release|Any CPU
	EndGlobalSection
	GlobalSection(ProjectConfigurationPlatforms) = postSolution
		{02F9BA7B-0B06-4D1C-8F85-AF19F2FEE716}.Debug|Any CPU.ActiveCfg = Debug|Any CPU
		{02F9BA7B-0B06-4D1C-8F85-AF19F2FEE716}.Debug|Any CPU.Build.0 = Debug|Any CPU
		{02F9BA7B-0B06-4D1C-8F85-AF19F2FEE716}.Release|Any CPU.ActiveCfg = Release|Any CPU
		{02F9BA7B-0B06-4D1C-8F85-AF19F2FEE716}.Release|Any CPU.Build.0 = Release|Any CPU
		{963FB15D-45DE-45F1-BA2F-5D44DC62512A}.Debug|Any CPU.ActiveCfg = Debug|Any CPU
		{963FB15D-45DE-45F1-BA2F-5D44DC62512A}.Debug|Any CPU.Build.0 = Debug|Any CPU
		{963FB15D-45DE-45F1-BA2F-5D44DC62512A}.Release|Any CPU.ActiveCfg = Release|Any CPU
		{963FB15D-45DE-45F1-BA2F-5D44DC62512A}.Release|Any CPU.Build.0 = Release|Any CPU
		{8F20471F-FF24-4948-89B8-11EC8599A5B3}.Debug|Any CPU.ActiveCfg = Debug|Any CPU
		{8F20471F-FF24-4948-89B8-11EC8599A5B3}.Debug|Any CPU.Build.0 = Debug|Any CPU
		{8F20471F-FF24-4948-89B8-11EC8599A5B3}.Release|Any CPU.ActiveCfg = Release|Any CPU
		{8F20471F-FF24-4948-89B8-11EC8599A5B3}.Release|Any CPU.Build.0 = Release|Any CPU
		{944EF2C4-CC40-4825-93EE-D452EE7BE274}.Debug|Any CPU.ActiveCfg = Debug|Any CPU
		{944EF2C4-CC40-4825-93EE-D452EE7BE274}.Debug|Any CPU.Build.0 = Debug|Any CPU
		{944EF2C4-CC40-4825-93EE-D452EE7BE274}.Release|Any CPU.ActiveCfg = Release|Any CPU
		{944EF2C4-CC40-4825-93EE-D452EE7BE274}.Release|Any CPU.Build.0 = Release|Any CPU
		{44CD8FBD-517B-4DBB-BFD7-713F2ABF1E35}.Debug|Any CPU.ActiveCfg = Debug|Any CPU
		{44CD8FBD-517B-4DBB-BFD7-713F2ABF1E35}.Debug|Any CPU.Build.0 = Debug|Any CPU
		{44CD8FBD-517B-4DBB-BFD7-713F2ABF1E35}.Release|Any CPU.ActiveCfg = Release|Any CPU
		{44CD8FBD-517B-4DBB-BFD7-713F2ABF1E35}.Release|Any CPU.Build.0 = Release|Any CPU
		{D6642D3E-2C76-4326-ABE1-CA01903C97CF}.Debug|Any CPU.ActiveCfg = Debug|Any CPU
		{D6642D3E-2C76-4326-ABE1-CA01903C97CF}.Debug|Any CPU.Build.0 = Debug|Any CPU
		{D6642D3E-2C76-4326-ABE1-CA01903C97CF}.Release|Any CPU.ActiveCfg = Release|Any CPU
		{D6642D3E-2C76-4326-ABE1-CA01903C97CF}.Release|Any CPU.Build.0 = Release|Any CPU
		{1D9A7E95-5EFA-4191-8B1D-F5041DC6B550}.Debug|Any CPU.ActiveCfg = Debug|Any CPU
		{1D9A7E95-5EFA-4191-8B1D-F5041DC6B550}.Debug|Any CPU.Build.0 = Debug|Any CPU
		{1D9A7E95-5EFA-4191-8B1D-F5041DC6B550}.Release|Any CPU.ActiveCfg = Release|Any CPU
		{1D9A7E95-5EFA-4191-8B1D-F5041DC6B550}.Release|Any CPU.Build.0 = Release|Any CPU
		{B3C9B9AD-1B38-4CBA-A9DD-52F10C3F4958}.Debug|Any CPU.ActiveCfg = Debug|Any CPU
		{B3C9B9AD-1B38-4CBA-A9DD-52F10C3F4958}.Debug|Any CPU.Build.0 = Debug|Any CPU
		{B3C9B9AD-1B38-4CBA-A9DD-52F10C3F4958}.Release|Any CPU.ActiveCfg = Release|Any CPU
		{B3C9B9AD-1B38-4CBA-A9DD-52F10C3F4958}.Release|Any CPU.Build.0 = Release|Any CPU
		{490AADFB-BBB1-4C16-A750-4EAFEC979ACC}.Debug|Any CPU.ActiveCfg = Debug|Any CPU
		{490AADFB-BBB1-4C16-A750-4EAFEC979ACC}.Debug|Any CPU.Build.0 = Debug|Any CPU
		{490AADFB-BBB1-4C16-A750-4EAFEC979ACC}.Release|Any CPU.ActiveCfg = Release|Any CPU
		{490AADFB-BBB1-4C16-A750-4EAFEC979ACC}.Release|Any CPU.Build.0 = Release|Any CPU
		{4F9D717A-CA21-4D7D-8B4A-B20C7DF6C0BA}.Debug|Any CPU.ActiveCfg = Debug|Any CPU
		{4F9D717A-CA21-4D7D-8B4A-B20C7DF6C0BA}.Debug|Any CPU.Build.0 = Debug|Any CPU
		{4F9D717A-CA21-4D7D-8B4A-B20C7DF6C0BA}.Release|Any CPU.ActiveCfg = Release|Any CPU
		{4F9D717A-CA21-4D7D-8B4A-B20C7DF6C0BA}.Release|Any CPU.Build.0 = Release|Any CPU
		{1AA5E96D-9844-4F5B-85E2-9149C80ABCD1}.Debug|Any CPU.ActiveCfg = Debug|Any CPU
		{1AA5E96D-9844-4F5B-85E2-9149C80ABCD1}.Debug|Any CPU.Build.0 = Debug|Any CPU
		{1AA5E96D-9844-4F5B-85E2-9149C80ABCD1}.Release|Any CPU.ActiveCfg = Release|Any CPU
		{1AA5E96D-9844-4F5B-85E2-9149C80ABCD1}.Release|Any CPU.Build.0 = Release|Any CPU
		{FFACBA27-6C65-46F5-830C-5E5A7E3800F4}.Debug|Any CPU.ActiveCfg = Debug|Any CPU
		{FFACBA27-6C65-46F5-830C-5E5A7E3800F4}.Debug|Any CPU.Build.0 = Debug|Any CPU
		{FFACBA27-6C65-46F5-830C-5E5A7E3800F4}.Release|Any CPU.ActiveCfg = Release|Any CPU
		{FFACBA27-6C65-46F5-830C-5E5A7E3800F4}.Release|Any CPU.Build.0 = Release|Any CPU
	EndGlobalSection
	GlobalSection(SolutionProperties) = preSolution
		HideSolutionNode = FALSE
	EndGlobalSection
	GlobalSection(NestedProjects) = preSolution
		{73B918C0-A90F-447C-BB11-563E3BB8811B} = {4CA3F4A0-530F-4CAD-8563-92AA0FBA7278}
		{D2ECD19F-ED0B-404F-85BE-843DCC81FFA0} = {4CA3F4A0-530F-4CAD-8563-92AA0FBA7278}
		{49F682CB-F3DC-42D3-A79C-79270D241F1E} = {4CA3F4A0-530F-4CAD-8563-92AA0FBA7278}
		{02F9BA7B-0B06-4D1C-8F85-AF19F2FEE716} = {49F682CB-F3DC-42D3-A79C-79270D241F1E}
		{16DF7527-E1A5-4B34-B969-EB3D6C447059} = {D2ECD19F-ED0B-404F-85BE-843DCC81FFA0}
		{87B3F837-8F38-4A2C-A7E1-3825A2403920} = {16DF7527-E1A5-4B34-B969-EB3D6C447059}
		{87CC6A17-CBC4-499A-81E0-71EF05649716} = {D2ECD19F-ED0B-404F-85BE-843DCC81FFA0}
		{C22FAE24-12ED-4CEF-9002-F1F23B531F95} = {87CC6A17-CBC4-499A-81E0-71EF05649716}
		{BD75F57C-71C9-4966-9E4A-0115F4C1F31E} = {D2ECD19F-ED0B-404F-85BE-843DCC81FFA0}
		{15190957-9A53-44D1-A9AB-7799B40627E3} = {BD75F57C-71C9-4966-9E4A-0115F4C1F31E}
		{963FB15D-45DE-45F1-BA2F-5D44DC62512A} = {0980D3FF-81B3-48DF-934D-9A815D49197B}
		{8F20471F-FF24-4948-89B8-11EC8599A5B3} = {15190957-9A53-44D1-A9AB-7799B40627E3}
		{944EF2C4-CC40-4825-93EE-D452EE7BE274} = {15190957-9A53-44D1-A9AB-7799B40627E3}
		{44CD8FBD-517B-4DBB-BFD7-713F2ABF1E35} = {87B3F837-8F38-4A2C-A7E1-3825A2403920}
		{D6642D3E-2C76-4326-ABE1-CA01903C97CF} = {AC067EE2-24DF-4416-84E4-662E4C5E85AA}
		{AC067EE2-24DF-4416-84E4-662E4C5E85AA} = {4CA3F4A0-530F-4CAD-8563-92AA0FBA7278}
		{1D9A7E95-5EFA-4191-8B1D-F5041DC6B550} = {C22FAE24-12ED-4CEF-9002-F1F23B531F95}
		{B3C9B9AD-1B38-4CBA-A9DD-52F10C3F4958} = {C22FAE24-12ED-4CEF-9002-F1F23B531F95}
		{490AADFB-BBB1-4C16-A750-4EAFEC979ACC} = {87B3F837-8F38-4A2C-A7E1-3825A2403920}
		{0980D3FF-81B3-48DF-934D-9A815D49197B} = {4CA3F4A0-530F-4CAD-8563-92AA0FBA7278}
		{1AA5E96D-9844-4F5B-85E2-9149C80ABCD1} = {73B918C0-A90F-447C-BB11-563E3BB8811B}
		{FFACBA27-6C65-46F5-830C-5E5A7E3800F4} = {73B918C0-A90F-447C-BB11-563E3BB8811B}
	EndGlobalSection
	GlobalSection(ExtensibilityGlobals) = postSolution
		SolutionGuid = {497CA294-30E5-48FE-BBDE-80CFA77613B7}
	EndGlobalSection
EndGlobal
